
Microsoft Visual Studio Solution File, Format Version 12.00
# Visual Studio Version 16
VisualStudioVersion = 25.0.1700.0
MinimumVisualStudioVersion = 10.0.40219.1
Project("{FAE04EC0-301F-11D3-BF4B-00C04F79EFBC}") = "DiamondKata", "DiamondKata\DiamondKata.csproj", "{8AB6F369-41E0-48EE-8940-659051BA2A46}"
EndProject
Project("{FAE04EC0-301F-11D3-BF4B-00C04F79EFBC}") = "DiamondKata.Tests", "DiamondKata.Tests\DiamondKata.Tests.csproj", "{F929C83E-8EEF-40E0-B944-2096FFAB67AA}"
EndProject
Global
	GlobalSection(SolutionConfigurationPlatforms) = preSolution
		Debug|Any CPU = Debug|Any CPU
		Release|Any CPU = Release|Any CPU
	EndGlobalSection
	GlobalSection(ProjectConfigurationPlatforms) = postSolution
		{8AB6F369-41E0-48EE-8940-659051BA2A46}.Debug|Any CPU.ActiveCfg = Debug|Any CPU
		{8AB6F369-41E0-48EE-8940-659051BA2A46}.Debug|Any CPU.Build.0 = Debug|Any CPU
		{8AB6F369-41E0-48EE-8940-659051BA2A46}.Release|Any CPU.ActiveCfg = Release|Any CPU
		{8AB6F369-41E0-48EE-8940-659051BA2A46}.Release|Any CPU.Build.0 = Release|Any CPU
		{F929C83E-8EEF-40E0-B944-2096FFAB67AA}.Debug|Any CPU.ActiveCfg = Debug|Any CPU
		{F929C83E-8EEF-40E0-B944-2096FFAB67AA}.Debug|Any CPU.Build.0 = Debug|Any CPU
		{F929C83E-8EEF-40E0-B944-2096FFAB67AA}.Release|Any CPU.ActiveCfg = Release|Any CPU
		{F929C83E-8EEF-40E0-B944-2096FFAB67AA}.Release|Any CPU.Build.0 = Release|Any CPU
	EndGlobalSection
	GlobalSection(SolutionProperties) = preSolution
		HideSolutionNode = FALSE
	EndGlobalSection
	GlobalSection(ExtensibilityGlobals) = postSolution
		SolutionGuid = {C64682D5-488E-4E9C-92D7-A51A8C75456B}
	EndGlobalSection
EndGlobal
